
Microsoft Visual Studio Solution File, Format Version 12.00
# Visual Studio Version 16
VisualStudioVersion = 16.0.30523.141
MinimumVisualStudioVersion = 10.0.40219.1
Project("{FAE04EC0-301F-11D3-BF4B-00C04F79EFBC}") = "ShippingProcessor", "ShippingProcessor.csproj", "{306E4895-4EB5-4EB3-9C5C-15BAE8F6C514}"
EndProject
Project("{FAE04EC0-301F-11D3-BF4B-00C04F79EFBC}") = "Tests.ShippingProcessor", "Tests.ShippingProcessor\Tests.ShippingProcessor.csproj", "{248F5A98-3C8E-439D-8BB7-6E2A64510EC2}"
EndProject
Global
	GlobalSection(SolutionConfigurationPlatforms) = preSolution
		Debug|Any CPU = Debug|Any CPU
		Release|Any CPU = Release|Any CPU
	EndGlobalSection
	GlobalSection(ProjectConfigurationPlatforms) = postSolution
		{306E4895-4EB5-4EB3-9C5C-15BAE8F6C514}.Debug|Any CPU.ActiveCfg = Debug|Any CPU
		{306E4895-4EB5-4EB3-9C5C-15BAE8F6C514}.Debug|Any CPU.Build.0 = Debug|Any CPU
		{306E4895-4EB5-4EB3-9C5C-15BAE8F6C514}.Release|Any CPU.ActiveCfg = Release|Any CPU
		{306E4895-4EB5-4EB3-9C5C-15BAE8F6C514}.Release|Any CPU.Build.0 = Release|Any CPU
		{248F5A98-3C8E-439D-8BB7-6E2A64510EC2}.Debug|Any CPU.ActiveCfg = Debug|Any CPU
		{248F5A98-3C8E-439D-8BB7-6E2A64510EC2}.Debug|Any CPU.Build.0 = Debug|Any CPU
		{248F5A98-3C8E-439D-8BB7-6E2A64510EC2}.Release|Any CPU.ActiveCfg = Release|Any CPU
		{248F5A98-3C8E-439D-8BB7-6E2A64510EC2}.Release|Any CPU.Build.0 = Release|Any CPU
	EndGlobalSection
	GlobalSection(SolutionProperties) = preSolution
		HideSolutionNode = FALSE
	EndGlobalSection
	GlobalSection(ExtensibilityGlobals) = postSolution
		SolutionGuid = {854B41E1-4619-4B5F-ABDC-F777CD68F4CA}
	EndGlobalSection
EndGlobal
